<?xml version="1.0" encoding="utf-8"?>
<Project ToolsVersion="4.0" xmlns="http://schemas.microsoft.com/developer/msbuild/2003">
  <ItemGroup>
    <Filter Include="cpp_src">
      <UniqueIdentifier>{7a3602fc-c79a-4599-9c73-9a61ea358c83}</UniqueIdentifier>
    </Filter>
    <Filter Include="h_src">
      <UniqueIdentifier>{9eb45ed1-46e7-4430-bfde-61e3ffe2b35b}</UniqueIdentifier>
    </Filter>
    <Filter Include="rc_src">
      <UniqueIdentifier>{b6cf3cdc-a4c6-4f27-97e3-0a67f5a47a57}</UniqueIdentifier>
    </Filter>
  </ItemGroup>
  <ItemGroup>
    <ClCompile Include="src\console_ui.cpp">
      <Filter>cpp_src</Filter>
    </ClCompile>
    <ClCompile Include="src\lune.cpp">
      <Filter>cpp_src</Filter>
    </ClCompile>
    <ClCompile Include="src\repl.cpp">
      <Filter>cpp_src</Filter>
    </ClCompile>
  </ItemGroup>
  <ItemGroup>
    <ClInclude Include="src\console_ui.h">
      <Filter>h_src</Filter>
    </ClInclude>
    <ClInclude Include="src\repl.h">
      <Filter>h_src</Filter>
    </ClInclude>
    <ClInclude Include="src\version.h">
      <Filter>h_src</Filter>
    </ClInclude>
  </ItemGroup>
  <ItemGroup>
    <ResourceCompile Include="src\version.rc">
      <Filter>rc_src</Filter>
    </ResourceCompile>
  </ItemGroup>
  <ItemGroup>
    <ClCompile Include="src\session_ui.cpp">
      <Filter>cpp_src</Filter>
    </ClCompile>
    <ClInclude Include="src\session_ui.h">
      <Filter>h_src</Filter>
    </ClInclude>
  </ItemGroup>
</Project>